{
  "originHash" : "822b2edce7ff5da1c245ede6c01bd2bbb09c6d7b5cf5d19b08ea15af83d2d256",
  "pins" : [
    {
      "identity" : "kinestex-sdk-swift",
      "kind" : "remoteSourceControl",
      "location" : "https://github.com/KinesteX/KinesteX-SDK-Swift.git",
      "state" : {
        "revision" : "17b7dbf6d6c3dc159209e0e06b70ea537112d664",
        "version" : "1.0.2"
      }
    }
  ],
  "version" : 3
}
