{
  "originHash" : "822b2edce7ff5da1c245ede6c01bd2bbb09c6d7b5cf5d19b08ea15af83d2d256",
  "pins" : [
    {
      "identity" : "kinestex-sdk-swift",
      "kind" : "remoteSourceControl",
      "location" : "https://github.com/KinesteX/KinesteX-SDK-Swift.git",
      "state" : {
        "revision" : "b619b8ae46ac679ca7e50b8f1e13474ea417f46a",
        "version" : "1.1.0"
      }
    }
  ],
  "version" : 3
}
