{
  "originHash" : "8d7b1daf8bc9cd78d8a4af3923390efac3943a622f2251edce5ca4e6ef764cf8",
  "pins" : [
    {
      "identity" : "kinestex-ai-kit",
      "kind" : "remoteSourceControl",
      "location" : "https://github.com/KinesteX/KinesteX-AI-Kit.git",
      "state" : {
        "revision" : "0f6348504e215ad051dc84c7cc5b0b365f911ba2",
        "version" : "1.0.4"
      }
    }
  ],
  "version" : 3
}
